
Microsoft Visual Studio Solution File, Format Version 12.00
# Visual Studio Version 17
VisualStudioVersion = 17.10.34916.146
MinimumVisualStudioVersion = 10.0.40219.1
Project("{FAE04EC0-301F-11D3-BF4B-00C04F79EFBC}") = "RabbitMQ.FanoutExchange", "RabbitMQ.FanoutExchange\RabbitMQ.FanoutExchange.csproj", "{2886671B-483E-46D0-85CD-B67ECB48963E}"
EndProject
Project("{FAE04EC0-301F-11D3-BF4B-00C04F79EFBC}") = "Consumer.BankCharger", "Consumer.BankCharger\Consumer.BankCharger.csproj", "{9F5D6954-368D-42FF-9847-896FD36BE288}"
EndProject
Project("{FAE04EC0-301F-11D3-BF4B-00C04F79EFBC}") = "Consumer.Tax", "Consumer.Tax\Consumer.Tax.csproj", "{1E536DA6-3277-44C0-9AD6-BD7C307A93A2}"
EndProject
Global
	GlobalSection(SolutionConfigurationPlatforms) = preSolution
		Debug|Any CPU = Debug|Any CPU
		Release|Any CPU = Release|Any CPU
	EndGlobalSection
	GlobalSection(ProjectConfigurationPlatforms) = postSolution
		{2886671B-483E-46D0-85CD-B67ECB48963E}.Debug|Any CPU.ActiveCfg = Debug|Any CPU
		{2886671B-483E-46D0-85CD-B67ECB48963E}.Debug|Any CPU.Build.0 = Debug|Any CPU
		{2886671B-483E-46D0-85CD-B67ECB48963E}.Release|Any CPU.ActiveCfg = Release|Any CPU
		{2886671B-483E-46D0-85CD-B67ECB48963E}.Release|Any CPU.Build.0 = Release|Any CPU
		{9F5D6954-368D-42FF-9847-896FD36BE288}.Debug|Any CPU.ActiveCfg = Debug|Any CPU
		{9F5D6954-368D-42FF-9847-896FD36BE288}.Debug|Any CPU.Build.0 = Debug|Any CPU
		{9F5D6954-368D-42FF-9847-896FD36BE288}.Release|Any CPU.ActiveCfg = Release|Any CPU
		{9F5D6954-368D-42FF-9847-896FD36BE288}.Release|Any CPU.Build.0 = Release|Any CPU
		{1E536DA6-3277-44C0-9AD6-BD7C307A93A2}.Debug|Any CPU.ActiveCfg = Debug|Any CPU
		{1E536DA6-3277-44C0-9AD6-BD7C307A93A2}.Debug|Any CPU.Build.0 = Debug|Any CPU
		{1E536DA6-3277-44C0-9AD6-BD7C307A93A2}.Release|Any CPU.ActiveCfg = Release|Any CPU
		{1E536DA6-3277-44C0-9AD6-BD7C307A93A2}.Release|Any CPU.Build.0 = Release|Any CPU
	EndGlobalSection
	GlobalSection(SolutionProperties) = preSolution
		HideSolutionNode = FALSE
	EndGlobalSection
	GlobalSection(ExtensibilityGlobals) = postSolution
		SolutionGuid = {155816E9-B5D6-4B3A-8DE8-9CEEB8D52FAA}
	EndGlobalSection
EndGlobal
